
Microsoft Visual Studio Solution File, Format Version 11.00
# Visual Studio 2010
Project("{FAE04EC0-301F-11D3-BF4B-00C04F79EFBC}") = "Assembly-CSharp", "Assembly-CSharp.csproj", "{BCD21BEF-F5D5-B20F-97F5-192C3FD943CF}"
EndProject
Project("{FAE04EC0-301F-11D3-BF4B-00C04F79EFBC}") = "Assembly-CSharp-firstpass", "Assembly-CSharp-firstpass.csproj", "{29D66BF2-92AC-99AA-606E-02B515A59637}"
EndProject
Project("{FAE04EC0-301F-11D3-BF4B-00C04F79EFBC}") = "NativeShare.Runtime", "NativeShare.Runtime.csproj", "{01761364-349A-B7B9-912D-A57C6870A341}"
EndProject
Project("{FAE04EC0-301F-11D3-BF4B-00C04F79EFBC}") = "Assembly-CSharp-Editor", "Assembly-CSharp-Editor.csproj", "{6DE315DB-5DD8-AF83-7743-5B1C53698B43}"
EndProject
Project("{FAE04EC0-301F-11D3-BF4B-00C04F79EFBC}") = "NativeShare.Editor", "NativeShare.Editor.csproj", "{E5D0ABCC-2A2E-471E-FD4A-53E4831EED43}"
EndProject
Global
	GlobalSection(SolutionConfigurationPlatforms) = preSolution
		Debug|Any CPU = Debug|Any CPU
		Release|Any CPU = Release|Any CPU
	EndGlobalSection
	GlobalSection(ProjectConfigurationPlatforms) = postSolution
		{BCD21BEF-F5D5-B20F-97F5-192C3FD943CF}.Debug|Any CPU.ActiveCfg = Debug|Any CPU
		{BCD21BEF-F5D5-B20F-97F5-192C3FD943CF}.Debug|Any CPU.Build.0 = Debug|Any CPU
		{BCD21BEF-F5D5-B20F-97F5-192C3FD943CF}.Release|Any CPU.ActiveCfg = Release|Any CPU
		{BCD21BEF-F5D5-B20F-97F5-192C3FD943CF}.Release|Any CPU.Build.0 = Release|Any CPU
		{29D66BF2-92AC-99AA-606E-02B515A59637}.Debug|Any CPU.ActiveCfg = Debug|Any CPU
		{29D66BF2-92AC-99AA-606E-02B515A59637}.Debug|Any CPU.Build.0 = Debug|Any CPU
		{29D66BF2-92AC-99AA-606E-02B515A59637}.Release|Any CPU.ActiveCfg = Release|Any CPU
		{29D66BF2-92AC-99AA-606E-02B515A59637}.Release|Any CPU.Build.0 = Release|Any CPU
		{01761364-349A-B7B9-912D-A57C6870A341}.Debug|Any CPU.ActiveCfg = Debug|Any CPU
		{01761364-349A-B7B9-912D-A57C6870A341}.Debug|Any CPU.Build.0 = Debug|Any CPU
		{01761364-349A-B7B9-912D-A57C6870A341}.Release|Any CPU.ActiveCfg = Release|Any CPU
		{01761364-349A-B7B9-912D-A57C6870A341}.Release|Any CPU.Build.0 = Release|Any CPU
		{6DE315DB-5DD8-AF83-7743-5B1C53698B43}.Debug|Any CPU.ActiveCfg = Debug|Any CPU
		{6DE315DB-5DD8-AF83-7743-5B1C53698B43}.Debug|Any CPU.Build.0 = Debug|Any CPU
		{6DE315DB-5DD8-AF83-7743-5B1C53698B43}.Release|Any CPU.ActiveCfg = Release|Any CPU
		{6DE315DB-5DD8-AF83-7743-5B1C53698B43}.Release|Any CPU.Build.0 = Release|Any CPU
		{E5D0ABCC-2A2E-471E-FD4A-53E4831EED43}.Debug|Any CPU.ActiveCfg = Debug|Any CPU
		{E5D0ABCC-2A2E-471E-FD4A-53E4831EED43}.Debug|Any CPU.Build.0 = Debug|Any CPU
		{E5D0ABCC-2A2E-471E-FD4A-53E4831EED43}.Release|Any CPU.ActiveCfg = Release|Any CPU
		{E5D0ABCC-2A2E-471E-FD4A-53E4831EED43}.Release|Any CPU.Build.0 = Release|Any CPU
	EndGlobalSection
	GlobalSection(SolutionProperties) = preSolution
		HideSolutionNode = FALSE
	EndGlobalSection
EndGlobal
